// !$*UTF8*$!
{
	archiveVersion = 1;
	classes = {
	};
	objectVersion = 46;
	objects = {

/* Begin PBXBuildFile section */
		D7CB31791DCA36660081C940 /* AppDelegate.swift in Sources */ = {isa = PBXBuildFile; fileRef = D7CB31781DCA36660081C940 /* AppDelegate.swift */; };
		D7CB317B1DCA36660081C940 /* ViewController.swift in Sources */ = {isa = PBXBuildFile; fileRef = D7CB317A1DCA36660081C940 /* ViewController.swift */; };
		D7CB317E1DCA36660081C940 /* Main.storyboard in Resources */ = {isa = PBXBuildFile; fileRef = D7CB317C1DCA36660081C940 /* Main.storyboard */; };
		D7CB31801DCA36660081C940 /* Assets.xcassets in Resources */ = {isa = PBXBuildFile; fileRef = D7CB317F1DCA36660081C940 /* Assets.xcassets */; };
		D7CB31831DCA36660081C940 /* LaunchScreen.storyboard in Resources */ = {isa = PBXBuildFile; fileRef = D7CB31811DCA36660081C940 /* LaunchScreen.storyboard */; };
		D7DF22881DCB93E9006C654D /* starViewController.swift in Sources */ = {isa = PBXBuildFile; fileRef = D7DF22871DCB93E9006C654D /* starViewController.swift */; };
/* End PBXBuildFile section */

/* Begin PBXFileReference section */
		D7CB31751DCA36660081C940 /* IntergalacticTravel.app */ = {isa = PBXFileReference; explicitFileType = wrapper.application; includeInIndex = 0; path = IntergalacticTravel.app; sourceTree = BUILT_PRODUCTS_DIR; };
		D7CB31781DCA36660081C940 /* AppDelegate.swift */ = {isa = PBXFileReference; lastKnownFileType = sourcecode.swift; path = AppDelegate.swift; sourceTree = "<group>"; };
		D7CB317A1DCA36660081C940 /* ViewController.swift */ = {isa = PBXFileReference; lastKnownFileType = sourcecode.swift; path = ViewController.swift; sourceTree = "<group>"; };
		D7CB317D1DCA36660081C940 /* Base */ = {isa = PBXFileReference; lastKnownFileType = file.storyboard; name = Base; path = Base.lproj/Main.storyboard; sourceTree = "<group>"; };
		D7CB317F1DCA36660081C940 /* Assets.xcassets */ = {isa = PBXFileReference; lastKnownFileType = folder.assetcatalog; path = Assets.xcassets; sourceTree = "<group>"; };
		D7CB31821DCA36660081C940 /* Base */ = {isa = PBXFileReference; lastKnownFileType = file.storyboard; name = Base; path = Base.lproj/LaunchScreen.storyboard; sourceTree = "<group>"; };
		D7CB31841DCA36660081C940 /* Info.plist */ = {isa = PBXFileReference; lastKnownFileType = text.plist.xml; path = Info.plist; sourceTree = "<group>"; };
		D7DF22871DCB93E9006C654D /* starViewController.swift */ = {isa = PBXFileReference; fileEncoding = 4; lastKnownFileType = sourcecode.swift; path = starViewController.swift; sourceTree = "<group>"; };
/* End PBXFileReference section */

/* Begin PBXFrameworksBuildPhase section */
		D7CB31721DCA36660081C940 /* Frameworks */ = {
			isa = PBXFrameworksBuildPhase;
			buildActionMask = 2147483647;
			files = (
			);
			runOnlyForDeploymentPostprocessing = 0;
		};
/* End PBXFrameworksBuildPhase section */

/* Begin PBXGroup section */
		D7CB316C1DCA36660081C940 = {
			isa = PBXGroup;
			children = (
				D7CB31771DCA36660081C940 /* IntergalacticTravel */,
				D7CB31761DCA36660081C940 /* Products */,
			);
			sourceTree = "<group>";
		};
		D7CB31761DCA36660081C940 /* Products */ = {
			isa = PBXGroup;
			children = (
				D7CB31751DCA36660081C940 /* IntergalacticTravel.app */,
			);
			name = Products;
			sourceTree = "<group>";
		};
		D7CB31771DCA36660081C940 /* IntergalacticTravel */ = {
			isa = PBXGroup;
			children = (
				D7CB31781DCA36660081C940 /* AppDelegate.swift */,
				D7CB317A1DCA36660081C940 /* ViewController.swift */,
				D7CB317C1DCA36660081C940 /* Main.storyboard */,
				D7DF22871DCB93E9006C654D /* starViewController.swift */,
				D7CB317F1DCA36660081C940 /* Assets.xcassets */,
				D7CB31811DCA36660081C940 /* LaunchScreen.storyboard */,
				D7CB31841DCA36660081C940 /* Info.plist */,
			);
			path = IntergalacticTravel;
			sourceTree = "<group>";
		};
/* End PBXGroup section */

/* Begin PBXNativeTarget section */
		D7CB31741DCA36660081C940 /* IntergalacticTravel */ = {
			isa = PBXNativeTarget;
			buildConfigurationList = D7CB31871DCA36660081C940 /* Build configuration list for PBXNativeTarget "IntergalacticTravel" */;
			buildPhases = (
				D7CB31711DCA36660081C940 /* Sources */,
				D7CB31721DCA36660081C940 /* Frameworks */,
				D7CB31731DCA36660081C940 /* Resources */,
			);
			buildRules = (
			);
			dependencies = (
			);
			name = IntergalacticTravel;
			productName = IntergalacticTravel;
			productReference = D7CB31751DCA36660081C940 /* IntergalacticTravel.app */;
			productType = "com.apple.product-type.application";
		};
/* End PBXNativeTarget section */

/* Begin PBXProject section */
		D7CB316D1DCA36660081C940 /* Project object */ = {
			isa = PBXProject;
			attributes = {
				LastSwiftUpdateCheck = 0810;
				LastUpgradeCheck = 0810;
				ORGANIZATIONNAME = "John Hersey High School";
				TargetAttributes = {
					D7CB31741DCA36660081C940 = {
						CreatedOnToolsVersion = 8.1;
						DevelopmentTeam = P4GZSL9EDQ;
						ProvisioningStyle = Automatic;
					};
				};
			};
			buildConfigurationList = D7CB31701DCA36660081C940 /* Build configuration list for PBXProject "IntergalacticTravel" */;
			compatibilityVersion = "Xcode 3.2";
			developmentRegion = English;
			hasScannedForEncodings = 0;
			knownRegions = (
				en,
				Base,
			);
			mainGroup = D7CB316C1DCA36660081C940;
			productRefGroup = D7CB31761DCA36660081C940 /* Products */;
			projectDirPath = "";
			projectRoot = "";
			targets = (
				D7CB31741DCA36660081C940 /* IntergalacticTravel */,
			);
		};
/* End PBXProject section */

/* Begin PBXResourcesBuildPhase section */
		D7CB31731DCA36660081C940 /* Resources */ = {
			isa = PBXResourcesBuildPhase;
			buildActionMask = 2147483647;
			files = (
				D7CB31831DCA36660081C940 /* LaunchScreen.storyboard in Resources */,
				D7CB31801DCA36660081C940 /* Assets.xcassets in Resources */,
				D7CB317E1DCA36660081C940 /* Main.storyboard in Resources */,
			);
			runOnlyForDeploymentPostprocessing = 0;
		};
/* End PBXResourcesBuildPhase section */

/* Begin PBXSourcesBuildPhase section */
		D7CB31711DCA36660081C940 /* Sources */ = {
			isa = PBXSourcesBuildPhase;
			buildActionMask = 2147483647;
			files = (
				D7DF22881DCB93E9006C654D /* starViewController.swift in Sources */,
				D7CB317B1DCA36660081C940 /* ViewController.swift in Sources */,
				D7CB31791DCA36660081C940 /* AppDelegate.swift in Sources */,
			);
			runOnlyForDeploymentPostprocessing = 0;
		};
/* End PBXSourcesBuildPhase section */

/* Begin PBXVariantGroup section */
		D7CB317C1DCA36660081C940 /* Main.storyboard */ = {
			isa = PBXVariantGroup;
			children = (
				D7CB317D1DCA36660081C940 /* Base */,
			);
			name = Main.storyboard;
			sourceTree = "<group>";
		};
		D7CB31811DCA36660081C940 /* LaunchScreen.storyboard */ = {
			isa = PBXVariantGroup;
			children = (
				D7CB31821DCA36660081C940 /* Base */,
			);
			name = LaunchScreen.storyboard;
			sourceTree = "<group>";
		};
/* End PBXVariantGroup section */

/* Begin XCBuildConfiguration section */
		D7CB31851DCA36660081C940 /* Debug */ = {
			isa = XCBuildConfiguration;
			buildSettings = {
				ALWAYS_SEARCH_USER_PATHS = NO;
				CLANG_ANALYZER_NONNULL = YES;
				CLANG_CXX_LANGUAGE_STANDARD = "gnu++0x";
				CLANG_CXX_LIBRARY = "libc++";
				CLANG_ENABLE_MODULES = YES;
				CLANG_ENABLE_OBJC_ARC = YES;
				CLANG_WARN_BOOL_CONVERSION = YES;
				CLANG_WARN_CONSTANT_CONVERSION = YES;
				CLANG_WARN_DIRECT_OBJC_ISA_USAGE = YES_ERROR;
				CLANG_WARN_DOCUMENTATION_COMMENTS = YES;
				CLANG_WARN_EMPTY_BODY = YES;
				CLANG_WARN_ENUM_CONVERSION = YES;
				CLANG_WARN_INFINITE_RECURSION = YES;
				CLANG_WARN_INT_CONVERSION = YES;
				CLANG_WARN_OBJC_ROOT_CLASS = YES_ERROR;
				CLANG_WARN_SUSPICIOUS_MOVES = YES;
				CLANG_WARN_UNREACHABLE_CODE = YES;
				CLANG_WARN__DUPLICATE_METHOD_MATCH = YES;
				"CODE_SIGN_IDENTITY[sdk=iphoneos*]" = "iPhone Developer";
				COPY_PHASE_STRIP = NO;
				DEBUG_INFORMATION_FORMAT = dwarf;
				ENABLE_STRICT_OBJC_MSGSEND = YES;
				ENABLE_TESTABILITY = YES;
				GCC_C_LANGUAGE_STANDARD = gnu99;
				GCC_DYNAMIC_NO_PIC = NO;
				GCC_NO_COMMON_BLOCKS = YES;
				GCC_OPTIMIZATION_LEVEL = 0;
				GCC_PREPROCESSOR_DEFINITIONS = (
					"DEBUG=1",
					"$(inherited)",
				);
				GCC_WARN_64_TO_32_BIT_CONVERSION = YES;
				GCC_WARN_ABOUT_RETURN_TYPE = YES_ERROR;
				GCC_WARN_UNDECLARED_SELECTOR = YES;
				GCC_WARN_UNINITIALIZED_AUTOS = YES_AGGRESSIVE;
				GCC_WARN_UNUSED_FUNCTION = YES;
				GCC_WARN_UNUSED_VARIABLE = YES;
				IPHONEOS_DEPLOYMENT_TARGET = 10.1;
				MTL_ENABLE_DEBUG_INFO = YES;
				ONLY_ACTIVE_ARCH = YES;
				SDKROOT = iphoneos;
				SWIFT_ACTIVE_COMPILATION_CONDITIONS = DEBUG;
				SWIFT_OPTIMIZATION_LEVEL = "-Onone";
				TARGETED_DEVICE_FAMILY = "1,2";
			};
			name = Debug;
		};
		D7CB31861DCA36660081C940 /* Release */ = {
			isa = XCBuildConfiguration;
			buildSettings = {
				ALWAYS_SEARCH_USER_PATHS = NO;
				CLANG_ANALYZER_NONNULL = YES;
				CLANG_CXX_LANGUAGE_STANDARD = "gnu++0x";
				CLANG_CXX_LIBRARY = "libc++";
				CLANG_ENABLE_MODULES = YES;
				CLANG_ENABLE_OBJC_ARC = YES;
				CLANG_WARN_BOOL_CONVERSION = YES;
				CLANG_WARN_CONSTANT_CONVERSION = YES;
				CLANG_WARN_DIRECT_OBJC_ISA_USAGE = YES_ERROR;
				CLANG_WARN_DOCUMENTATION_COMMENTS = YES;
				CLANG_WARN_EMPTY_BODY = YES;
				CLANG_WARN_ENUM_CONVERSION = YES;
				CLANG_WARN_INFINITE_RECURSION = YES;
				CLANG_WARN_INT_CONVERSION = YES;
				CLANG_WARN_OBJC_ROOT_CLASS = YES_ERROR;
				CLANG_WARN_SUSPICIOUS_MOVES = YES;
				CLANG_WARN_UNREACHABLE_CODE = YES;
				CLANG_WARN__DUPLICATE_METHOD_MATCH = YES;
				"CODE_SIGN_IDENTITY[sdk=iphoneos*]" = "iPhone Developer";
				COPY_PHASE_STRIP = NO;
				DEBUG_INFORMATION_FORMAT = "dwarf-with-dsym";
				ENABLE_NS_ASSERTIONS = NO;
				ENABLE_STRICT_OBJC_MSGSEND = YES;
				GCC_C_LANGUAGE_STANDARD = gnu99;
				GCC_NO_COMMON_BLOCKS = YES;
				GCC_WARN_64_TO_32_BIT_CONVERSION = YES;
				GCC_WARN_ABOUT_RETURN_TYPE = YES_ERROR;
				GCC_WARN_UNDECLARED_SELECTOR = YES;
				GCC_WARN_UNINITIALIZED_AUTOS = YES_AGGRESSIVE;
				GCC_WARN_UNUSED_FUNCTION = YES;
				GCC_WARN_UNUSED_VARIABLE = YES;
				IPHONEOS_DEPLOYMENT_TARGET = 10.1;
				MTL_ENABLE_DEBUG_INFO = NO;
				SDKROOT = iphoneos;
				SWIFT_OPTIMIZATION_LEVEL = "-Owholemodule";
				TARGETED_DEVICE_FAMILY = "1,2";
				VALIDATE_PRODUCT = YES;
			};
			name = Release;
		};
		D7CB31881DCA36660081C940 /* Debug */ = {
			isa = XCBuildConfiguration;
			buildSettings = {
				ASSETCATALOG_COMPILER_APPICON_NAME = AppIcon;
				DEVELOPMENT_TEAM = P4GZSL9EDQ;
				INFOPLIST_FILE = IntergalacticTravel/Info.plist;
				LD_RUNPATH_SEARCH_PATHS = "$(inherited) @executable_path/Frameworks";
				PRODUCT_BUNDLE_IDENTIFIER = org.jhhs.620425.IntergalacticTravel;
				PRODUCT_NAME = "$(TARGET_NAME)";
				SWIFT_VERSION = 3.0;
			};
			name = Debug;
		};
		D7CB31891DCA36660081C940 /* Release */ = {
			isa = XCBuildConfiguration;
			buildSettings = {
				ASSETCATALOG_COMPILER_APPICON_NAME = AppIcon;
				DEVELOPMENT_TEAM = P4GZSL9EDQ;
				INFOPLIST_FILE = IntergalacticTravel/Info.plist;
				LD_RUNPATH_SEARCH_PATHS = "$(inherited) @executable_path/Frameworks";
				PRODUCT_BUNDLE_IDENTIFIER = org.jhhs.620425.IntergalacticTravel;
				PRODUCT_NAME = "$(TARGET_NAME)";
				SWIFT_VERSION = 3.0;
			};
			name = Release;
		};
/* End XCBuildConfiguration section */

/* Begin XCConfigurationList section */
		D7CB31701DCA36660081C940 /* Build configuration list for PBXProject "IntergalacticTravel" */ = {
			isa = XCConfigurationList;
			buildConfigurations = (
				D7CB31851DCA36660081C940 /* Debug */,
				D7CB31861DCA36660081C940 /* Release */,
			);
			defaultConfigurationIsVisible = 0;
			defaultConfigurationName = Release;
		};
		D7CB31871DCA36660081C940 /* Build configuration list for PBXNativeTarget "IntergalacticTravel" */ = {
			isa = XCConfigurationList;
			buildConfigurations = (
				D7CB31881DCA36660081C940 /* Debug */,
				D7CB31891DCA36660081C940 /* Release */,
			);
			defaultConfigurationIsVisible = 0;
			defaultConfigurationName = Release;
		};
/* End XCConfigurationList section */
	};
	rootObject = D7CB316D1DCA36660081C940 /* Project object */;
}
